
Microsoft Visual Studio Solution File, Format Version 12.00
# Visual Studio Version 17
VisualStudioVersion = 17.4.33403.182
MinimumVisualStudioVersion = 10.0.40219.1
Project("{9A19103F-16F7-4668-BE54-9A1E7A4F7556}") = "EduSoft.WebApplication", "EduSoft.WebApplication\EduSoft.WebApplication.csproj", "{2B61B394-478B-4C9B-9943-B1D3898E6F76}"
	ProjectSection(ProjectDependencies) = postProject
		{364BFA9D-B699-4608-9222-41B4F691BBB7} = {364BFA9D-B699-4608-9222-41B4F691BBB7}
		{B42D3119-B022-4268-AB28-2F86C380F415} = {B42D3119-B022-4268-AB28-2F86C380F415}
	EndProjectSection
EndProject
Project("{9A19103F-16F7-4668-BE54-9A1E7A4F7556}") = "EduSoft.Model", "EduSoft.Model\EduSoft.Model.csproj", "{31A4177C-D047-4D91-8D76-A1241A068490}"
	ProjectSection(ProjectDependencies) = postProject
		{B42D3119-B022-4268-AB28-2F86C380F415} = {B42D3119-B022-4268-AB28-2F86C380F415}
	EndProjectSection
EndProject
Project("{9A19103F-16F7-4668-BE54-9A1E7A4F7556}") = "EduSoft.Entities", "EduSoft.Entities\EduSoft.Entities.csproj", "{B42D3119-B022-4268-AB28-2F86C380F415}"
EndProject
Project("{9A19103F-16F7-4668-BE54-9A1E7A4F7556}") = "EduSoft.Data", "EduSoft.Data\EduSoft.Data.csproj", "{364BFA9D-B699-4608-9222-41B4F691BBB7}"
	ProjectSection(ProjectDependencies) = postProject
		{31A4177C-D047-4D91-8D76-A1241A068490} = {31A4177C-D047-4D91-8D76-A1241A068490}
		{B42D3119-B022-4268-AB28-2F86C380F415} = {B42D3119-B022-4268-AB28-2F86C380F415}
	EndProjectSection
EndProject
Project("{9A19103F-16F7-4668-BE54-9A1E7A4F7556}") = "EduSoft.WebApplication.Test", "EduSoft.WebApplication.Test\EduSoft.WebApplication.Test.csproj", "{E9113314-66C2-45EC-A71A-307AB1B5A7BC}"
EndProject
Project("{54A90642-561A-4BB1-A94E-469ADEE60C69}") = "edusoft.front", "EduSoft.Front\edusoft.front.esproj", "{8094319E-DD4F-412B-B268-321E0AB306C0}"
EndProject
Global
	GlobalSection(SolutionConfigurationPlatforms) = preSolution
		Debug|Any CPU = Debug|Any CPU
		Release|Any CPU = Release|Any CPU
	EndGlobalSection
	GlobalSection(ProjectConfigurationPlatforms) = postSolution
		{2B61B394-478B-4C9B-9943-B1D3898E6F76}.Debug|Any CPU.ActiveCfg = Debug|Any CPU
		{2B61B394-478B-4C9B-9943-B1D3898E6F76}.Debug|Any CPU.Build.0 = Debug|Any CPU
		{2B61B394-478B-4C9B-9943-B1D3898E6F76}.Release|Any CPU.ActiveCfg = Release|Any CPU
		{2B61B394-478B-4C9B-9943-B1D3898E6F76}.Release|Any CPU.Build.0 = Release|Any CPU
		{31A4177C-D047-4D91-8D76-A1241A068490}.Debug|Any CPU.ActiveCfg = Debug|Any CPU
		{31A4177C-D047-4D91-8D76-A1241A068490}.Debug|Any CPU.Build.0 = Debug|Any CPU
		{31A4177C-D047-4D91-8D76-A1241A068490}.Release|Any CPU.ActiveCfg = Release|Any CPU
		{31A4177C-D047-4D91-8D76-A1241A068490}.Release|Any CPU.Build.0 = Release|Any CPU
		{B42D3119-B022-4268-AB28-2F86C380F415}.Debug|Any CPU.ActiveCfg = Debug|Any CPU
		{B42D3119-B022-4268-AB28-2F86C380F415}.Debug|Any CPU.Build.0 = Debug|Any CPU
		{B42D3119-B022-4268-AB28-2F86C380F415}.Release|Any CPU.ActiveCfg = Release|Any CPU
		{B42D3119-B022-4268-AB28-2F86C380F415}.Release|Any CPU.Build.0 = Release|Any CPU
		{364BFA9D-B699-4608-9222-41B4F691BBB7}.Debug|Any CPU.ActiveCfg = Debug|Any CPU
		{364BFA9D-B699-4608-9222-41B4F691BBB7}.Debug|Any CPU.Build.0 = Debug|Any CPU
		{364BFA9D-B699-4608-9222-41B4F691BBB7}.Release|Any CPU.ActiveCfg = Release|Any CPU
		{364BFA9D-B699-4608-9222-41B4F691BBB7}.Release|Any CPU.Build.0 = Release|Any CPU
		{E9113314-66C2-45EC-A71A-307AB1B5A7BC}.Debug|Any CPU.ActiveCfg = Debug|Any CPU
		{E9113314-66C2-45EC-A71A-307AB1B5A7BC}.Debug|Any CPU.Build.0 = Debug|Any CPU
		{E9113314-66C2-45EC-A71A-307AB1B5A7BC}.Release|Any CPU.ActiveCfg = Release|Any CPU
		{E9113314-66C2-45EC-A71A-307AB1B5A7BC}.Release|Any CPU.Build.0 = Release|Any CPU
		{8094319E-DD4F-412B-B268-321E0AB306C0}.Debug|Any CPU.ActiveCfg = Debug|Any CPU
		{8094319E-DD4F-412B-B268-321E0AB306C0}.Debug|Any CPU.Build.0 = Debug|Any CPU
		{8094319E-DD4F-412B-B268-321E0AB306C0}.Debug|Any CPU.Deploy.0 = Debug|Any CPU
		{8094319E-DD4F-412B-B268-321E0AB306C0}.Release|Any CPU.ActiveCfg = Release|Any CPU
		{8094319E-DD4F-412B-B268-321E0AB306C0}.Release|Any CPU.Build.0 = Release|Any CPU
		{8094319E-DD4F-412B-B268-321E0AB306C0}.Release|Any CPU.Deploy.0 = Release|Any CPU
	EndGlobalSection
	GlobalSection(SolutionProperties) = preSolution
		HideSolutionNode = FALSE
	EndGlobalSection
	GlobalSection(ExtensibilityGlobals) = postSolution
		SolutionGuid = {35F11BA9-1225-4BA7-80B8-47406083DACF}
	EndGlobalSection
EndGlobal
