
Microsoft Visual Studio Solution File, Format Version 12.00
# Visual Studio Version 17
VisualStudioVersion = 17.4.33403.182
MinimumVisualStudioVersion = 10.0.40219.1
Project("{9A19103F-16F7-4668-BE54-9A1E7A4F7556}") = "EduSoft.WebApplication", "EduSoft.WebApplication\EduSoft.WebApplication.csproj", "{2B61B394-478B-4C9B-9943-B1D3898E6F76}"
	ProjectSection(ProjectDependencies) = postProject
		{31A4177C-D047-4D91-8D76-A1241A068490} = {31A4177C-D047-4D91-8D76-A1241A068490}
		{364BFA9D-B699-4608-9222-41B4F691BBB7} = {364BFA9D-B699-4608-9222-41B4F691BBB7}
		{B42D3119-B022-4268-AB28-2F86C380F415} = {B42D3119-B022-4268-AB28-2F86C380F415}
	EndProjectSection
EndProject
Project("{FAE04EC0-301F-11D3-BF4B-00C04F79EFBC}") = "EduSoft.Model", "EduSoft.Model\EduSoft.Model.csproj", "{31A4177C-D047-4D91-8D76-A1241A068490}"
EndProject
Project("{FAE04EC0-301F-11D3-BF4B-00C04F79EFBC}") = "EduSoft.Entities", "EduSoft.Entities\EduSoft.Entities.csproj", "{B42D3119-B022-4268-AB28-2F86C380F415}"
EndProject
Project("{FAE04EC0-301F-11D3-BF4B-00C04F79EFBC}") = "EduSoft.Data", "EduSoft.Data\EduSoft.Data.csproj", "{364BFA9D-B699-4608-9222-41B4F691BBB7}"
EndProject
Project("{FAE04EC0-301F-11D3-BF4B-00C04F79EFBC}") = "EduSoft.WebApplication.Test", "EduSoft.WebApplication.Test\EduSoft.WebApplication.Test.csproj", "{E9113314-66C2-45EC-A71A-307AB1B5A7BC}"
EndProject
Global
	GlobalSection(SolutionConfigurationPlatforms) = preSolution
		Debug|Any CPU = Debug|Any CPU
		Release|Any CPU = Release|Any CPU
	EndGlobalSection
	GlobalSection(ProjectConfigurationPlatforms) = postSolution
		{2B61B394-478B-4C9B-9943-B1D3898E6F76}.Debug|Any CPU.ActiveCfg = Debug|Any CPU
		{2B61B394-478B-4C9B-9943-B1D3898E6F76}.Debug|Any CPU.Build.0 = Debug|Any CPU
		{2B61B394-478B-4C9B-9943-B1D3898E6F76}.Release|Any CPU.ActiveCfg = Release|Any CPU
		{2B61B394-478B-4C9B-9943-B1D3898E6F76}.Release|Any CPU.Build.0 = Release|Any CPU
		{31A4177C-D047-4D91-8D76-A1241A068490}.Debug|Any CPU.ActiveCfg = Debug|Any CPU
		{31A4177C-D047-4D91-8D76-A1241A068490}.Debug|Any CPU.Build.0 = Debug|Any CPU
		{31A4177C-D047-4D91-8D76-A1241A068490}.Release|Any CPU.ActiveCfg = Release|Any CPU
		{31A4177C-D047-4D91-8D76-A1241A068490}.Release|Any CPU.Build.0 = Release|Any CPU
		{B42D3119-B022-4268-AB28-2F86C380F415}.Debug|Any CPU.ActiveCfg = Debug|Any CPU
		{B42D3119-B022-4268-AB28-2F86C380F415}.Debug|Any CPU.Build.0 = Debug|Any CPU
		{B42D3119-B022-4268-AB28-2F86C380F415}.Release|Any CPU.ActiveCfg = Release|Any CPU
		{B42D3119-B022-4268-AB28-2F86C380F415}.Release|Any CPU.Build.0 = Release|Any CPU
		{364BFA9D-B699-4608-9222-41B4F691BBB7}.Debug|Any CPU.ActiveCfg = Debug|Any CPU
		{364BFA9D-B699-4608-9222-41B4F691BBB7}.Debug|Any CPU.Build.0 = Debug|Any CPU
		{364BFA9D-B699-4608-9222-41B4F691BBB7}.Release|Any CPU.ActiveCfg = Release|Any CPU
		{364BFA9D-B699-4608-9222-41B4F691BBB7}.Release|Any CPU.Build.0 = Release|Any CPU
		{E9113314-66C2-45EC-A71A-307AB1B5A7BC}.Debug|Any CPU.ActiveCfg = Debug|Any CPU
		{E9113314-66C2-45EC-A71A-307AB1B5A7BC}.Debug|Any CPU.Build.0 = Debug|Any CPU
		{E9113314-66C2-45EC-A71A-307AB1B5A7BC}.Release|Any CPU.ActiveCfg = Release|Any CPU
		{E9113314-66C2-45EC-A71A-307AB1B5A7BC}.Release|Any CPU.Build.0 = Release|Any CPU
	EndGlobalSection
	GlobalSection(SolutionProperties) = preSolution
		HideSolutionNode = FALSE
	EndGlobalSection
	GlobalSection(ExtensibilityGlobals) = postSolution
		SolutionGuid = {35F11BA9-1225-4BA7-80B8-47406083DACF}
	EndGlobalSection
EndGlobal
